
Microsoft Visual Studio Solution File, Format Version 12.00
# Visual Studio Version 16
VisualStudioVersion = 16.0.31624.102
MinimumVisualStudioVersion = 10.0.40219.1
Project("{2150E333-8FDC-42A3-9474-1A3956D46DE8}") = "01 - Services", "01 - Services", "{3E7EF86B-7EB7-4CF3-AE94-BD14B49622D4}"
EndProject
Project("{2150E333-8FDC-42A3-9474-1A3956D46DE8}") = "03 -Domain", "03 -Domain", "{83A426FD-035B-4F90-9054-5104314CD512}"
EndProject
Project("{2150E333-8FDC-42A3-9474-1A3956D46DE8}") = "04 - Infra", "04 - Infra", "{FB158ABF-8523-4889-95F3-1D4C9CFEFC6F}"
EndProject
Project("{2150E333-8FDC-42A3-9474-1A3956D46DE8}") = "02 - Application", "02 - Application", "{4E947188-AF11-473E-9ACF-5F94CBC8CFDD}"
EndProject
Project("{FAE04EC0-301F-11D3-BF4B-00C04F79EFBC}") = "Juros.Core.Application", "Juros.Core.Application\Juros.Core.Application.csproj", "{94516EC0-7B4D-43A6-B0FC-8653C1D2AC9E}"
EndProject
Project("{FAE04EC0-301F-11D3-BF4B-00C04F79EFBC}") = "Juros.Core.Domain", "Juros.Core.Domain\Juros.Core.Domain.csproj", "{26D0D120-2646-47C7-B6E9-95F46AA4638B}"
EndProject
Project("{2150E333-8FDC-42A3-9474-1A3956D46DE8}") = "4.1 - Data", "4.1 - Data", "{4A8BC9CF-BD57-44DF-842A-C04D8BDE4821}"
EndProject
Project("{2150E333-8FDC-42A3-9474-1A3956D46DE8}") = "4.2 - CrossCutting", "4.2 - CrossCutting", "{7D212982-534F-4B36-B5BF-D83EB58A4E82}"
EndProject
Project("{FAE04EC0-301F-11D3-BF4B-00C04F79EFBC}") = "Juros.Core.Data", "Juros.Core.Data\Juros.Core.Data.csproj", "{E61FC943-8B55-466B-9679-3CCCABE893E8}"
EndProject
Project("{FAE04EC0-301F-11D3-BF4B-00C04F79EFBC}") = "Juros.Core.IoC", "Juros.Core.IoC\Juros.Core.IoC.csproj", "{52398CEF-CE5C-4642-B041-A91112787729}"
EndProject
Project("{2150E333-8FDC-42A3-9474-1A3956D46DE8}") = "05 - Teste", "05 - Teste", "{289107FF-5625-4734-A865-918589DF5B5A}"
EndProject
Project("{FAE04EC0-301F-11D3-BF4B-00C04F79EFBC}") = "Juros.Core.Test", "Juros.Core.Test\Juros.Core.Test.csproj", "{48E62D3B-57A2-4B52-AD43-B8E2E21CCECD}"
EndProject
Project("{FAE04EC0-301F-11D3-BF4B-00C04F79EFBC}") = "Juros.Core.Api", "Juros.Core.Api\Juros.Core.Api.csproj", "{395A0DC6-9BA7-45E2-BEFE-7E47D7686637}"
EndProject
Project("{FAE04EC0-301F-11D3-BF4B-00C04F79EFBC}") = "Juros.Core.ExceptionManager", "Juros.Core.ExceptionManager\Juros.Core.ExceptionManager.csproj", "{CD07595D-E4DE-4062-A451-84E259C65A8B}"
EndProject
Global
	GlobalSection(SolutionConfigurationPlatforms) = preSolution
		Debug|Any CPU = Debug|Any CPU
		Release|Any CPU = Release|Any CPU
	EndGlobalSection
	GlobalSection(ProjectConfigurationPlatforms) = postSolution
		{94516EC0-7B4D-43A6-B0FC-8653C1D2AC9E}.Debug|Any CPU.ActiveCfg = Debug|Any CPU
		{94516EC0-7B4D-43A6-B0FC-8653C1D2AC9E}.Debug|Any CPU.Build.0 = Debug|Any CPU
		{94516EC0-7B4D-43A6-B0FC-8653C1D2AC9E}.Release|Any CPU.ActiveCfg = Release|Any CPU
		{94516EC0-7B4D-43A6-B0FC-8653C1D2AC9E}.Release|Any CPU.Build.0 = Release|Any CPU
		{26D0D120-2646-47C7-B6E9-95F46AA4638B}.Debug|Any CPU.ActiveCfg = Debug|Any CPU
		{26D0D120-2646-47C7-B6E9-95F46AA4638B}.Debug|Any CPU.Build.0 = Debug|Any CPU
		{26D0D120-2646-47C7-B6E9-95F46AA4638B}.Release|Any CPU.ActiveCfg = Release|Any CPU
		{26D0D120-2646-47C7-B6E9-95F46AA4638B}.Release|Any CPU.Build.0 = Release|Any CPU
		{E61FC943-8B55-466B-9679-3CCCABE893E8}.Debug|Any CPU.ActiveCfg = Debug|Any CPU
		{E61FC943-8B55-466B-9679-3CCCABE893E8}.Debug|Any CPU.Build.0 = Debug|Any CPU
		{E61FC943-8B55-466B-9679-3CCCABE893E8}.Release|Any CPU.ActiveCfg = Release|Any CPU
		{E61FC943-8B55-466B-9679-3CCCABE893E8}.Release|Any CPU.Build.0 = Release|Any CPU
		{52398CEF-CE5C-4642-B041-A91112787729}.Debug|Any CPU.ActiveCfg = Debug|Any CPU
		{52398CEF-CE5C-4642-B041-A91112787729}.Debug|Any CPU.Build.0 = Debug|Any CPU
		{52398CEF-CE5C-4642-B041-A91112787729}.Release|Any CPU.ActiveCfg = Release|Any CPU
		{52398CEF-CE5C-4642-B041-A91112787729}.Release|Any CPU.Build.0 = Release|Any CPU
		{48E62D3B-57A2-4B52-AD43-B8E2E21CCECD}.Debug|Any CPU.ActiveCfg = Debug|Any CPU
		{48E62D3B-57A2-4B52-AD43-B8E2E21CCECD}.Debug|Any CPU.Build.0 = Debug|Any CPU
		{48E62D3B-57A2-4B52-AD43-B8E2E21CCECD}.Release|Any CPU.ActiveCfg = Release|Any CPU
		{48E62D3B-57A2-4B52-AD43-B8E2E21CCECD}.Release|Any CPU.Build.0 = Release|Any CPU
		{395A0DC6-9BA7-45E2-BEFE-7E47D7686637}.Debug|Any CPU.ActiveCfg = Debug|Any CPU
		{395A0DC6-9BA7-45E2-BEFE-7E47D7686637}.Debug|Any CPU.Build.0 = Debug|Any CPU
		{395A0DC6-9BA7-45E2-BEFE-7E47D7686637}.Release|Any CPU.ActiveCfg = Release|Any CPU
		{395A0DC6-9BA7-45E2-BEFE-7E47D7686637}.Release|Any CPU.Build.0 = Release|Any CPU
		{CD07595D-E4DE-4062-A451-84E259C65A8B}.Debug|Any CPU.ActiveCfg = Debug|Any CPU
		{CD07595D-E4DE-4062-A451-84E259C65A8B}.Debug|Any CPU.Build.0 = Debug|Any CPU
		{CD07595D-E4DE-4062-A451-84E259C65A8B}.Release|Any CPU.ActiveCfg = Release|Any CPU
		{CD07595D-E4DE-4062-A451-84E259C65A8B}.Release|Any CPU.Build.0 = Release|Any CPU
	EndGlobalSection
	GlobalSection(SolutionProperties) = preSolution
		HideSolutionNode = FALSE
	EndGlobalSection
	GlobalSection(NestedProjects) = preSolution
		{94516EC0-7B4D-43A6-B0FC-8653C1D2AC9E} = {4E947188-AF11-473E-9ACF-5F94CBC8CFDD}
		{26D0D120-2646-47C7-B6E9-95F46AA4638B} = {83A426FD-035B-4F90-9054-5104314CD512}
		{4A8BC9CF-BD57-44DF-842A-C04D8BDE4821} = {FB158ABF-8523-4889-95F3-1D4C9CFEFC6F}
		{7D212982-534F-4B36-B5BF-D83EB58A4E82} = {FB158ABF-8523-4889-95F3-1D4C9CFEFC6F}
		{E61FC943-8B55-466B-9679-3CCCABE893E8} = {4A8BC9CF-BD57-44DF-842A-C04D8BDE4821}
		{52398CEF-CE5C-4642-B041-A91112787729} = {7D212982-534F-4B36-B5BF-D83EB58A4E82}
		{48E62D3B-57A2-4B52-AD43-B8E2E21CCECD} = {289107FF-5625-4734-A865-918589DF5B5A}
		{395A0DC6-9BA7-45E2-BEFE-7E47D7686637} = {3E7EF86B-7EB7-4CF3-AE94-BD14B49622D4}
		{CD07595D-E4DE-4062-A451-84E259C65A8B} = {7D212982-534F-4B36-B5BF-D83EB58A4E82}
	EndGlobalSection
	GlobalSection(ExtensibilityGlobals) = postSolution
		SolutionGuid = {3FFDAA81-DFFD-41ED-8E2B-53BDED4FDF12}
	EndGlobalSection
EndGlobal
